
Microsoft Visual Studio Solution File, Format Version 12.00
# Visual Studio Version 16
VisualStudioVersion = 16.0.31515.178
MinimumVisualStudioVersion = 10.0.40219.1
Project("{FAE04EC0-301F-11D3-BF4B-00C04F79EFBC}") = "UsersApp", "WebApplication1\UsersApp.csproj", "{FD33E99B-6ABB-443B-99C2-E4DFE53CB18F}"
EndProject
Global
	GlobalSection(SolutionConfigurationPlatforms) = preSolution
		Debug|Any CPU = Debug|Any CPU
		Release|Any CPU = Release|Any CPU
	EndGlobalSection
	GlobalSection(ProjectConfigurationPlatforms) = postSolution
		{FD33E99B-6ABB-443B-99C2-E4DFE53CB18F}.Debug|Any CPU.ActiveCfg = Debug|Any CPU
		{FD33E99B-6ABB-443B-99C2-E4DFE53CB18F}.Debug|Any CPU.Build.0 = Debug|Any CPU
		{FD33E99B-6ABB-443B-99C2-E4DFE53CB18F}.Release|Any CPU.ActiveCfg = Release|Any CPU
		{FD33E99B-6ABB-443B-99C2-E4DFE53CB18F}.Release|Any CPU.Build.0 = Release|Any CPU
	EndGlobalSection
	GlobalSection(SolutionProperties) = preSolution
		HideSolutionNode = FALSE
	EndGlobalSection
	GlobalSection(ExtensibilityGlobals) = postSolution
		SolutionGuid = {8D810AB5-91BA-4CDF-80AE-C70100BF654D}
	EndGlobalSection
EndGlobal
